
Microsoft Visual Studio Solution File, Format Version 12.00
# Visual Studio Version 16
VisualStudioVersion = 16.0.31321.278
MinimumVisualStudioVersion = 10.0.40219.1
Project("{FAE04EC0-301F-11D3-BF4B-00C04F79EFBC}") = "ExpenseTracker", "ExpenseTracker\ExpenseTracker.csproj", "{37BAF1EA-72BB-4967-912B-1E939ADDD184}"
EndProject
Global
	GlobalSection(SolutionConfigurationPlatforms) = preSolution
		Debug|Any CPU = Debug|Any CPU
		Release|Any CPU = Release|Any CPU
	EndGlobalSection
	GlobalSection(ProjectConfigurationPlatforms) = postSolution
		{37BAF1EA-72BB-4967-912B-1E939ADDD184}.Debug|Any CPU.ActiveCfg = Debug|Any CPU
		{37BAF1EA-72BB-4967-912B-1E939ADDD184}.Debug|Any CPU.Build.0 = Debug|Any CPU
		{37BAF1EA-72BB-4967-912B-1E939ADDD184}.Release|Any CPU.ActiveCfg = Release|Any CPU
		{37BAF1EA-72BB-4967-912B-1E939ADDD184}.Release|Any CPU.Build.0 = Release|Any CPU
	EndGlobalSection
	GlobalSection(SolutionProperties) = preSolution
		HideSolutionNode = FALSE
	EndGlobalSection
	GlobalSection(ExtensibilityGlobals) = postSolution
		SolutionGuid = {50721D1F-D506-45EF-8099-09D01BA760B9}
	EndGlobalSection
EndGlobal
